
Microsoft Visual Studio Solution File, Format Version 12.00
# Visual Studio Version 17
VisualStudioVersion = 17.4.33213.308
MinimumVisualStudioVersion = 10.0.40219.1
Project("{FAE04EC0-301F-11D3-BF4B-00C04F79EFBC}") = "ShoppingAppWPF", "ShoppingAppWPF\ShoppingAppWPF.csproj", "{C473ED22-CDBA-4895-8336-9AD44C5A6D74}"
EndProject
Global
	GlobalSection(SolutionConfigurationPlatforms) = preSolution
		Debug|Any CPU = Debug|Any CPU
		Release|Any CPU = Release|Any CPU
	EndGlobalSection
	GlobalSection(ProjectConfigurationPlatforms) = postSolution
		{C473ED22-CDBA-4895-8336-9AD44C5A6D74}.Debug|Any CPU.ActiveCfg = Debug|Any CPU
		{C473ED22-CDBA-4895-8336-9AD44C5A6D74}.Debug|Any CPU.Build.0 = Debug|Any CPU
		{C473ED22-CDBA-4895-8336-9AD44C5A6D74}.Release|Any CPU.ActiveCfg = Release|Any CPU
		{C473ED22-CDBA-4895-8336-9AD44C5A6D74}.Release|Any CPU.Build.0 = Release|Any CPU
	EndGlobalSection
	GlobalSection(SolutionProperties) = preSolution
		HideSolutionNode = FALSE
	EndGlobalSection
	GlobalSection(ExtensibilityGlobals) = postSolution
		SolutionGuid = {06E349FD-09FC-4A06-868B-245B8ECF62DA}
	EndGlobalSection
EndGlobal
