
Microsoft Visual Studio Solution File, Format Version 12.00
# Visual Studio Version 17
VisualStudioVersion = 17.4.33213.308
MinimumVisualStudioVersion = 10.0.40219.1
Project("{FAE04EC0-301F-11D3-BF4B-00C04F79EFBC}") = "LoginShopping", "LoginShopping\LoginShopping.csproj", "{0C77DD95-47F5-41EA-8A43-A2C9AE1FF261}"
EndProject
Global
	GlobalSection(SolutionConfigurationPlatforms) = preSolution
		Debug|Any CPU = Debug|Any CPU
		Release|Any CPU = Release|Any CPU
	EndGlobalSection
	GlobalSection(ProjectConfigurationPlatforms) = postSolution
		{0C77DD95-47F5-41EA-8A43-A2C9AE1FF261}.Debug|Any CPU.ActiveCfg = Debug|Any CPU
		{0C77DD95-47F5-41EA-8A43-A2C9AE1FF261}.Debug|Any CPU.Build.0 = Debug|Any CPU
		{0C77DD95-47F5-41EA-8A43-A2C9AE1FF261}.Release|Any CPU.ActiveCfg = Release|Any CPU
		{0C77DD95-47F5-41EA-8A43-A2C9AE1FF261}.Release|Any CPU.Build.0 = Release|Any CPU
	EndGlobalSection
	GlobalSection(SolutionProperties) = preSolution
		HideSolutionNode = FALSE
	EndGlobalSection
	GlobalSection(ExtensibilityGlobals) = postSolution
		SolutionGuid = {7B8A4111-4725-4D05-8EB8-C29B43A6CBD9}
	EndGlobalSection
EndGlobal
